
Microsoft Visual Studio Solution File, Format Version 12.00
# Visual Studio Version 16
VisualStudioVersion = 16.0.29926.136
MinimumVisualStudioVersion = 10.0.40219.1
Project("{9A19103F-16F7-4668-BE54-9A1E7A4F7556}") = "PetaPoco.Repository.CreateUpdateStamper", "PetaPoco.Repository.CreateUpdateStamper\PetaPoco.Repository.CreateUpdateStamper.csproj", "{5B1247AE-904E-423C-821C-E0F2DBBD2253}"
EndProject
Project("{9A19103F-16F7-4668-BE54-9A1E7A4F7556}") = "PetaPoco.Repository.CreateUpdateStamperTests", "PetaPoco.Repository.CreateUpdateStamperTests\PetaPoco.Repository.CreateUpdateStamperTests.csproj", "{B4D9D747-F3E0-4D2A-BD51-FBCFBF293392}"
EndProject
Global
	GlobalSection(SolutionConfigurationPlatforms) = preSolution
		Debug|Any CPU = Debug|Any CPU
		Release|Any CPU = Release|Any CPU
	EndGlobalSection
	GlobalSection(ProjectConfigurationPlatforms) = postSolution
		{5B1247AE-904E-423C-821C-E0F2DBBD2253}.Debug|Any CPU.ActiveCfg = Debug|Any CPU
		{5B1247AE-904E-423C-821C-E0F2DBBD2253}.Debug|Any CPU.Build.0 = Debug|Any CPU
		{5B1247AE-904E-423C-821C-E0F2DBBD2253}.Release|Any CPU.ActiveCfg = Release|Any CPU
		{5B1247AE-904E-423C-821C-E0F2DBBD2253}.Release|Any CPU.Build.0 = Release|Any CPU
		{B4D9D747-F3E0-4D2A-BD51-FBCFBF293392}.Debug|Any CPU.ActiveCfg = Debug|Any CPU
		{B4D9D747-F3E0-4D2A-BD51-FBCFBF293392}.Debug|Any CPU.Build.0 = Debug|Any CPU
		{B4D9D747-F3E0-4D2A-BD51-FBCFBF293392}.Release|Any CPU.ActiveCfg = Release|Any CPU
		{B4D9D747-F3E0-4D2A-BD51-FBCFBF293392}.Release|Any CPU.Build.0 = Release|Any CPU
	EndGlobalSection
	GlobalSection(SolutionProperties) = preSolution
		HideSolutionNode = FALSE
	EndGlobalSection
	GlobalSection(ExtensibilityGlobals) = postSolution
		SolutionGuid = {58D44CB5-4A6E-486A-BA39-C9FC93F03C49}
	EndGlobalSection
EndGlobal
